
Microsoft Visual Studio Solution File, Format Version 12.00
# Visual Studio Version 16
VisualStudioVersion = 16.0.28803.352
MinimumVisualStudioVersion = 10.0.40219.1
Project("{9A19103F-16F7-4668-BE54-9A1E7A4F7556}") = "WebsiteLambda", "WebsiteLambda.csproj", "{B0C4AB4F-4021-4EFE-81C0-66C9DE0F8DA8}"
EndProject
Project("{9A19103F-16F7-4668-BE54-9A1E7A4F7556}") = "WebsiteLambda.Tests", "..\WebsiteLambda.Tests\WebsiteLambda.Tests.csproj", "{D07B9DA5-1661-49F8-942C-DA283C8A7532}"
EndProject
Global
	GlobalSection(SolutionConfigurationPlatforms) = preSolution
		Debug|Any CPU = Debug|Any CPU
		Release|Any CPU = Release|Any CPU
	EndGlobalSection
	GlobalSection(ProjectConfigurationPlatforms) = postSolution
		{B0C4AB4F-4021-4EFE-81C0-66C9DE0F8DA8}.Debug|Any CPU.ActiveCfg = Debug|Any CPU
		{B0C4AB4F-4021-4EFE-81C0-66C9DE0F8DA8}.Debug|Any CPU.Build.0 = Debug|Any CPU
		{B0C4AB4F-4021-4EFE-81C0-66C9DE0F8DA8}.Release|Any CPU.ActiveCfg = Release|Any CPU
		{B0C4AB4F-4021-4EFE-81C0-66C9DE0F8DA8}.Release|Any CPU.Build.0 = Release|Any CPU
		{D07B9DA5-1661-49F8-942C-DA283C8A7532}.Debug|Any CPU.ActiveCfg = Debug|Any CPU
		{D07B9DA5-1661-49F8-942C-DA283C8A7532}.Debug|Any CPU.Build.0 = Debug|Any CPU
		{D07B9DA5-1661-49F8-942C-DA283C8A7532}.Release|Any CPU.ActiveCfg = Release|Any CPU
		{D07B9DA5-1661-49F8-942C-DA283C8A7532}.Release|Any CPU.Build.0 = Release|Any CPU
	EndGlobalSection
	GlobalSection(SolutionProperties) = preSolution
		HideSolutionNode = FALSE
	EndGlobalSection
	GlobalSection(ExtensibilityGlobals) = postSolution
		SolutionGuid = {AE1C18D6-EF94-490D-8172-8855EBF3B18E}
	EndGlobalSection
EndGlobal
